{
  "name": "brscript",
  "version": "1.0.2",
  "lockfileVersion": 2,
  "requires": true,
  "packages": {
    "": {
      "name": "brscript",
      "version": "1.0.2",
      "license": "GPL-3.0-or-later",
      "dependencies": {
        "complex": "^3.0.1"
      }
    },
    "node_modules/complex": {
      "version": "3.0.1",
      "resolved": "https://registry.npmjs.org/complex/-/complex-3.0.1.tgz",
      "integrity": "sha512-oInXNu3gaWt5NOW9/lpFyA8Sl0jpzNd3eWP5AI15v5m2QsdFsZqO2dn+uiqQHlub5vln5MD9C19dshbo8+amVg=="
    }
  },
  "dependencies": {
    "complex": {
      "version": "3.0.1",
      "resolved": "https://registry.npmjs.org/complex/-/complex-3.0.1.tgz",
      "integrity": "sha512-oInXNu3gaWt5NOW9/lpFyA8Sl0jpzNd3eWP5AI15v5m2QsdFsZqO2dn+uiqQHlub5vln5MD9C19dshbo8+amVg=="
    }
  }
}
